
Microsoft Visual Studio Solution File, Format Version 12.00
# Visual Studio Version 17
VisualStudioVersion = 17.6.33829.357
MinimumVisualStudioVersion = 10.0.40219.1
Project("{FAE04EC0-301F-11D3-BF4B-00C04F79EFBC}") = "OEE-Hesaplama", "OEE-Hesaplama\OEE-Hesaplama.csproj", "{604034F0-F499-4061-B63F-00B8528C5FAE}"
EndProject
Global
	GlobalSection(SolutionConfigurationPlatforms) = preSolution
		Debug|Any CPU = Debug|Any CPU
		Release|Any CPU = Release|Any CPU
	EndGlobalSection
	GlobalSection(ProjectConfigurationPlatforms) = postSolution
		{604034F0-F499-4061-B63F-00B8528C5FAE}.Debug|Any CPU.ActiveCfg = Debug|Any CPU
		{604034F0-F499-4061-B63F-00B8528C5FAE}.Debug|Any CPU.Build.0 = Debug|Any CPU
		{604034F0-F499-4061-B63F-00B8528C5FAE}.Release|Any CPU.ActiveCfg = Release|Any CPU
		{604034F0-F499-4061-B63F-00B8528C5FAE}.Release|Any CPU.Build.0 = Release|Any CPU
	EndGlobalSection
	GlobalSection(SolutionProperties) = preSolution
		HideSolutionNode = FALSE
	EndGlobalSection
	GlobalSection(ExtensibilityGlobals) = postSolution
		SolutionGuid = {597AC3AE-A0CF-4CEC-BD34-D7BA4DB53BBD}
	EndGlobalSection
EndGlobal
